{
  "nodes": {
    "aux-nixpkgs": {
      "inputs": {
        "nixpkgs": [
          "nixpkgs"
        ]
      },
      "locked": {
        "lastModified": 1775092095,
        "narHash": "sha256-9OhI18qJ4Cw6Ql2ddq61BoTaeOoS8sdGJ9ALjK1VHvQ=",
        "owner": "ggemre",
        "repo": "aux-nixpkgs",
        "rev": "4674e60935b661e2bdad508ce52b6807aeb9669a",
        "type": "github"
      },
      "original": {
        "owner": "ggemre",
        "repo": "aux-nixpkgs",
        "type": "github"
      }
    },
    "nixpkgs": {
      "locked": {
        "lastModified": 1775036866,
        "narHash": "sha256-ZojAnPuCdy657PbTq5V0Y+AHKhZAIwSIT2cb8UgAz/U=",
        "owner": "nixos",
        "repo": "nixpkgs",
        "rev": "6201e203d09599479a3b3450ed24fa81537ebc4e",
        "type": "github"
      },
      "original": {
        "owner": "nixos",
        "ref": "nixos-unstable",
        "repo": "nixpkgs",
        "type": "github"
      }
    },
    "root": {
      "inputs": {
        "aux-nixpkgs": "aux-nixpkgs",
        "nixpkgs": "nixpkgs"
      }
    }
  },
  "root": "root",
  "version": 7
}
