{
  "nodes": {
    "aux-nixpkgs": {
      "inputs": {
        "nixpkgs": [
          "nixpkgs"
        ]
      },
      "locked": {
        "lastModified": 1775431012,
        "narHash": "sha256-hMCrYt/ZFHYhgOlmx/3U9CQpbUAqllNBM8xILvn5dQ8=",
        "owner": "ggemre",
        "repo": "aux-nixpkgs",
        "rev": "92c8323f74ad2befdb83e21c947b7786a1b7979a",
        "type": "github"
      },
      "original": {
        "owner": "ggemre",
        "repo": "aux-nixpkgs",
        "type": "github"
      }
    },
    "nixpkgs": {
      "locked": {
        "lastModified": 1775036866,
        "narHash": "sha256-ZojAnPuCdy657PbTq5V0Y+AHKhZAIwSIT2cb8UgAz/U=",
        "owner": "nixos",
        "repo": "nixpkgs",
        "rev": "6201e203d09599479a3b3450ed24fa81537ebc4e",
        "type": "github"
      },
      "original": {
        "owner": "nixos",
        "ref": "nixos-unstable",
        "repo": "nixpkgs",
        "type": "github"
      }
    },
    "root": {
      "inputs": {
        "aux-nixpkgs": "aux-nixpkgs",
        "nixpkgs": "nixpkgs"
      }
    }
  },
  "root": "root",
  "version": 7
}
