{
  "nodes": {
    "aux-nixpkgs": {
      "inputs": {
        "nixpkgs": [
          "nixpkgs"
        ]
      },
      "locked": {
        "lastModified": 1774051125,
        "narHash": "sha256-A2AOcbD5Iu6Tk3LM39UVcCVgudATMSIWLMBn5mt9oGs=",
        "owner": "ggemre",
        "repo": "aux-nixpkgs",
        "rev": "355997d452103f2546e918ca0c1738be76e5adbe",
        "type": "github"
      },
      "original": {
        "owner": "ggemre",
        "repo": "aux-nixpkgs",
        "type": "github"
      }
    },
    "nixpkgs": {
      "locked": {
        "lastModified": 1773821835,
        "narHash": "sha256-TJ3lSQtW0E2JrznGVm8hOQGVpXjJyXY2guAxku2O9A4=",
        "owner": "nixos",
        "repo": "nixpkgs",
        "rev": "b40629efe5d6ec48dd1efba650c797ddbd39ace0",
        "type": "github"
      },
      "original": {
        "owner": "nixos",
        "ref": "nixos-unstable",
        "repo": "nixpkgs",
        "type": "github"
      }
    },
    "root": {
      "inputs": {
        "aux-nixpkgs": "aux-nixpkgs",
        "nixpkgs": "nixpkgs"
      }
    }
  },
  "root": "root",
  "version": 7
}
